
Microsoft Visual Studio Solution File, Format Version 12.00
# Visual Studio Version 17
VisualStudioVersion = 17.9.34607.119
MinimumVisualStudioVersion = 10.0.40219.1
Project("{FAE04EC0-301F-11D3-BF4B-00C04F79EFBC}") = "P6Assets_ByronG", "P6Assets_ByronG\P6Assets_ByronG.csproj", "{653DF551-A5B4-4CDE-9AB2-017B057376CC}"
EndProject
Global
	GlobalSection(SolutionConfigurationPlatforms) = preSolution
		Debug|Any CPU = Debug|Any CPU
		Release|Any CPU = Release|Any CPU
	EndGlobalSection
	GlobalSection(ProjectConfigurationPlatforms) = postSolution
		{653DF551-A5B4-4CDE-9AB2-017B057376CC}.Debug|Any CPU.ActiveCfg = Debug|Any CPU
		{653DF551-A5B4-4CDE-9AB2-017B057376CC}.Debug|Any CPU.Build.0 = Debug|Any CPU
		{653DF551-A5B4-4CDE-9AB2-017B057376CC}.Debug|Any CPU.Deploy.0 = Debug|Any CPU
		{653DF551-A5B4-4CDE-9AB2-017B057376CC}.Release|Any CPU.ActiveCfg = Release|Any CPU
		{653DF551-A5B4-4CDE-9AB2-017B057376CC}.Release|Any CPU.Build.0 = Release|Any CPU
		{653DF551-A5B4-4CDE-9AB2-017B057376CC}.Release|Any CPU.Deploy.0 = Release|Any CPU
	EndGlobalSection
	GlobalSection(SolutionProperties) = preSolution
		HideSolutionNode = FALSE
	EndGlobalSection
	GlobalSection(ExtensibilityGlobals) = postSolution
		SolutionGuid = {502B62ED-6D9E-432E-A4C7-AC7DCFA908BC}
	EndGlobalSection
EndGlobal
